
Microsoft Visual Studio Solution File, Format Version 12.00
# Visual Studio 15
VisualStudioVersion = 15.0.26430.15
MinimumVisualStudioVersion = 10.0.40219.1
Project("{FAE04EC0-301F-11D3-BF4B-00C04F79EFBC}") = "M64MM2", "M64MM2\M64MM2.csproj", "{9DA9E453-E83C-450C-8093-DA6249B4F751}"
EndProject
Project("{FAE04EC0-301F-11D3-BF4B-00C04F79EFBC}") = "Base0", "..\M64MM2Addons\Test0\Base0\Base0.csproj", "{F22B2DB9-A412-40B2-B2C9-96E090A2E396}"
EndProject
Global
	GlobalSection(SolutionConfigurationPlatforms) = preSolution
		Debug|Any CPU = Debug|Any CPU
		Release|Any CPU = Release|Any CPU
	EndGlobalSection
	GlobalSection(ProjectConfigurationPlatforms) = postSolution
		{9DA9E453-E83C-450C-8093-DA6249B4F751}.Debug|Any CPU.ActiveCfg = Debug|Any CPU
		{9DA9E453-E83C-450C-8093-DA6249B4F751}.Debug|Any CPU.Build.0 = Debug|Any CPU
		{9DA9E453-E83C-450C-8093-DA6249B4F751}.Release|Any CPU.ActiveCfg = Release|Any CPU
		{9DA9E453-E83C-450C-8093-DA6249B4F751}.Release|Any CPU.Build.0 = Release|Any CPU
		{F22B2DB9-A412-40B2-B2C9-96E090A2E396}.Debug|Any CPU.ActiveCfg = Debug|Any CPU
		{F22B2DB9-A412-40B2-B2C9-96E090A2E396}.Debug|Any CPU.Build.0 = Debug|Any CPU
		{F22B2DB9-A412-40B2-B2C9-96E090A2E396}.Release|Any CPU.ActiveCfg = Release|Any CPU
		{F22B2DB9-A412-40B2-B2C9-96E090A2E396}.Release|Any CPU.Build.0 = Release|Any CPU
	EndGlobalSection
	GlobalSection(SolutionProperties) = preSolution
		HideSolutionNode = FALSE
	EndGlobalSection
	GlobalSection(ExtensibilityGlobals) = postSolution
		SolutionGuid = {04FD2973-572D-4DD0-B768-9CED8082D2FA}
	EndGlobalSection
EndGlobal
